
Microsoft Visual Studio Solution File, Format Version 12.00
# Visual Studio Version 17
VisualStudioVersion = 17.0.31903.59
MinimumVisualStudioVersion = 10.0.40219.1
Project("{2150E333-8FDC-42A3-9474-1A3956D46DE8}") = "src", "src", "{827E0CD3-B72D-47B6-A68D-7590B98EB39B}"
EndProject
Project("{FAE04EC0-301F-11D3-BF4B-00C04F79EFBC}") = "Baton.Protocol", "src\Baton.Protocol\Baton.Protocol.csproj", "{C5A16F87-EDBD-4040-A102-B6D786602A41}"
EndProject
Project("{FAE04EC0-301F-11D3-BF4B-00C04F79EFBC}") = "Baton.Host", "src\Baton.Host\Baton.Host.csproj", "{F311BDF1-64C3-459A-AEF1-57D17230A024}"
EndProject
Project("{FAE04EC0-301F-11D3-BF4B-00C04F79EFBC}") = "Baton.App", "src\Baton.App\Baton.App.csproj", "{C4E6D8EC-81EA-4AE1-8EFC-222E51F5AFAF}"
EndProject
Project("{2150E333-8FDC-42A3-9474-1A3956D46DE8}") = "tools", "tools", "{07C2787E-EAC7-C090-1BA3-A61EC2A24D84}"
EndProject
Project("{FAE04EC0-301F-11D3-BF4B-00C04F79EFBC}") = "Baton.DevHost", "tools\Baton.DevHost\Baton.DevHost.csproj", "{3151478A-7A3F-432F-A7ED-59088A6B7AEB}"
EndProject
Project("{2150E333-8FDC-42A3-9474-1A3956D46DE8}") = "tests", "tests", "{0AB3BF05-4346-4AA6-1389-037BE0695223}"
EndProject
Project("{FAE04EC0-301F-11D3-BF4B-00C04F79EFBC}") = "Baton.Tests", "tests\Baton.Tests\Baton.Tests.csproj", "{996D8FE9-76D4-4B6B-8DB3-E1E9CCF0C3F3}"
EndProject
Project("{FAE04EC0-301F-11D3-BF4B-00C04F79EFBC}") = "Baton.Media", "src\Baton.Media\Baton.Media.csproj", "{824CC2BC-34AB-46FC-84C9-D4392C25C6FB}"
EndProject
Global
	GlobalSection(SolutionConfigurationPlatforms) = preSolution
		Debug|Any CPU = Debug|Any CPU
		Debug|x64 = Debug|x64
		Debug|x86 = Debug|x86
		Release|Any CPU = Release|Any CPU
		Release|x64 = Release|x64
		Release|x86 = Release|x86
	EndGlobalSection
	GlobalSection(ProjectConfigurationPlatforms) = postSolution
		{C5A16F87-EDBD-4040-A102-B6D786602A41}.Debug|Any CPU.ActiveCfg = Debug|Any CPU
		{C5A16F87-EDBD-4040-A102-B6D786602A41}.Debug|Any CPU.Build.0 = Debug|Any CPU
		{C5A16F87-EDBD-4040-A102-B6D786602A41}.Debug|x64.ActiveCfg = Debug|Any CPU
		{C5A16F87-EDBD-4040-A102-B6D786602A41}.Debug|x64.Build.0 = Debug|Any CPU
		{C5A16F87-EDBD-4040-A102-B6D786602A41}.Debug|x86.ActiveCfg = Debug|Any CPU
		{C5A16F87-EDBD-4040-A102-B6D786602A41}.Debug|x86.Build.0 = Debug|Any CPU
		{C5A16F87-EDBD-4040-A102-B6D786602A41}.Release|Any CPU.ActiveCfg = Release|Any CPU
		{C5A16F87-EDBD-4040-A102-B6D786602A41}.Release|Any CPU.Build.0 = Release|Any CPU
		{C5A16F87-EDBD-4040-A102-B6D786602A41}.Release|x64.ActiveCfg = Release|Any CPU
		{C5A16F87-EDBD-4040-A102-B6D786602A41}.Release|x64.Build.0 = Release|Any CPU
		{C5A16F87-EDBD-4040-A102-B6D786602A41}.Release|x86.ActiveCfg = Release|Any CPU
		{C5A16F87-EDBD-4040-A102-B6D786602A41}.Release|x86.Build.0 = Release|Any CPU
		{F311BDF1-64C3-459A-AEF1-57D17230A024}.Debug|Any CPU.ActiveCfg = Debug|Any CPU
		{F311BDF1-64C3-459A-AEF1-57D17230A024}.Debug|Any CPU.Build.0 = Debug|Any CPU
		{F311BDF1-64C3-459A-AEF1-57D17230A024}.Debug|x64.ActiveCfg = Debug|Any CPU
		{F311BDF1-64C3-459A-AEF1-57D17230A024}.Debug|x64.Build.0 = Debug|Any CPU
		{F311BDF1-64C3-459A-AEF1-57D17230A024}.Debug|x86.ActiveCfg = Debug|Any CPU
		{F311BDF1-64C3-459A-AEF1-57D17230A024}.Debug|x86.Build.0 = Debug|Any CPU
		{F311BDF1-64C3-459A-AEF1-57D17230A024}.Release|Any CPU.ActiveCfg = Release|Any CPU
		{F311BDF1-64C3-459A-AEF1-57D17230A024}.Release|Any CPU.Build.0 = Release|Any CPU
		{F311BDF1-64C3-459A-AEF1-57D17230A024}.Release|x64.ActiveCfg = Release|Any CPU
		{F311BDF1-64C3-459A-AEF1-57D17230A024}.Release|x64.Build.0 = Release|Any CPU
		{F311BDF1-64C3-459A-AEF1-57D17230A024}.Release|x86.ActiveCfg = Release|Any CPU
		{F311BDF1-64C3-459A-AEF1-57D17230A024}.Release|x86.Build.0 = Release|Any CPU
		{C4E6D8EC-81EA-4AE1-8EFC-222E51F5AFAF}.Debug|Any CPU.ActiveCfg = Debug|Any CPU
		{C4E6D8EC-81EA-4AE1-8EFC-222E51F5AFAF}.Debug|Any CPU.Build.0 = Debug|Any CPU
		{C4E6D8EC-81EA-4AE1-8EFC-222E51F5AFAF}.Debug|x64.ActiveCfg = Debug|Any CPU
		{C4E6D8EC-81EA-4AE1-8EFC-222E51F5AFAF}.Debug|x64.Build.0 = Debug|Any CPU
		{C4E6D8EC-81EA-4AE1-8EFC-222E51F5AFAF}.Debug|x86.ActiveCfg = Debug|Any CPU
		{C4E6D8EC-81EA-4AE1-8EFC-222E51F5AFAF}.Debug|x86.Build.0 = Debug|Any CPU
		{C4E6D8EC-81EA-4AE1-8EFC-222E51F5AFAF}.Release|Any CPU.ActiveCfg = Release|Any CPU
		{C4E6D8EC-81EA-4AE1-8EFC-222E51F5AFAF}.Release|Any CPU.Build.0 = Release|Any CPU
		{C4E6D8EC-81EA-4AE1-8EFC-222E51F5AFAF}.Release|x64.ActiveCfg = Release|Any CPU
		{C4E6D8EC-81EA-4AE1-8EFC-222E51F5AFAF}.Release|x64.Build.0 = Release|Any CPU
		{C4E6D8EC-81EA-4AE1-8EFC-222E51F5AFAF}.Release|x86.ActiveCfg = Release|Any CPU
		{C4E6D8EC-81EA-4AE1-8EFC-222E51F5AFAF}.Release|x86.Build.0 = Release|Any CPU
		{3151478A-7A3F-432F-A7ED-59088A6B7AEB}.Debug|Any CPU.ActiveCfg = Debug|Any CPU
		{3151478A-7A3F-432F-A7ED-59088A6B7AEB}.Debug|Any CPU.Build.0 = Debug|Any CPU
		{3151478A-7A3F-432F-A7ED-59088A6B7AEB}.Debug|x64.ActiveCfg = Debug|Any CPU
		{3151478A-7A3F-432F-A7ED-59088A6B7AEB}.Debug|x64.Build.0 = Debug|Any CPU
		{3151478A-7A3F-432F-A7ED-59088A6B7AEB}.Debug|x86.ActiveCfg = Debug|Any CPU
		{3151478A-7A3F-432F-A7ED-59088A6B7AEB}.Debug|x86.Build.0 = Debug|Any CPU
		{3151478A-7A3F-432F-A7ED-59088A6B7AEB}.Release|Any CPU.ActiveCfg = Release|Any CPU
		{3151478A-7A3F-432F-A7ED-59088A6B7AEB}.Release|Any CPU.Build.0 = Release|Any CPU
		{3151478A-7A3F-432F-A7ED-59088A6B7AEB}.Release|x64.ActiveCfg = Release|Any CPU
		{3151478A-7A3F-432F-A7ED-59088A6B7AEB}.Release|x64.Build.0 = Release|Any CPU
		{3151478A-7A3F-432F-A7ED-59088A6B7AEB}.Release|x86.ActiveCfg = Release|Any CPU
		{3151478A-7A3F-432F-A7ED-59088A6B7AEB}.Release|x86.Build.0 = Release|Any CPU
		{996D8FE9-76D4-4B6B-8DB3-E1E9CCF0C3F3}.Debug|Any CPU.ActiveCfg = Debug|Any CPU
		{996D8FE9-76D4-4B6B-8DB3-E1E9CCF0C3F3}.Debug|Any CPU.Build.0 = Debug|Any CPU
		{996D8FE9-76D4-4B6B-8DB3-E1E9CCF0C3F3}.Debug|x64.ActiveCfg = Debug|Any CPU
		{996D8FE9-76D4-4B6B-8DB3-E1E9CCF0C3F3}.Debug|x64.Build.0 = Debug|Any CPU
		{996D8FE9-76D4-4B6B-8DB3-E1E9CCF0C3F3}.Debug|x86.ActiveCfg = Debug|Any CPU
		{996D8FE9-76D4-4B6B-8DB3-E1E9CCF0C3F3}.Debug|x86.Build.0 = Debug|Any CPU
		{996D8FE9-76D4-4B6B-8DB3-E1E9CCF0C3F3}.Release|Any CPU.ActiveCfg = Release|Any CPU
		{996D8FE9-76D4-4B6B-8DB3-E1E9CCF0C3F3}.Release|Any CPU.Build.0 = Release|Any CPU
		{996D8FE9-76D4-4B6B-8DB3-E1E9CCF0C3F3}.Release|x64.ActiveCfg = Release|Any CPU
		{996D8FE9-76D4-4B6B-8DB3-E1E9CCF0C3F3}.Release|x64.Build.0 = Release|Any CPU
		{996D8FE9-76D4-4B6B-8DB3-E1E9CCF0C3F3}.Release|x86.ActiveCfg = Release|Any CPU
		{996D8FE9-76D4-4B6B-8DB3-E1E9CCF0C3F3}.Release|x86.Build.0 = Release|Any CPU
		{824CC2BC-34AB-46FC-84C9-D4392C25C6FB}.Debug|Any CPU.ActiveCfg = Debug|Any CPU
		{824CC2BC-34AB-46FC-84C9-D4392C25C6FB}.Debug|Any CPU.Build.0 = Debug|Any CPU
		{824CC2BC-34AB-46FC-84C9-D4392C25C6FB}.Debug|x64.ActiveCfg = Debug|Any CPU
		{824CC2BC-34AB-46FC-84C9-D4392C25C6FB}.Debug|x64.Build.0 = Debug|Any CPU
		{824CC2BC-34AB-46FC-84C9-D4392C25C6FB}.Debug|x86.ActiveCfg = Debug|Any CPU
		{824CC2BC-34AB-46FC-84C9-D4392C25C6FB}.Debug|x86.Build.0 = Debug|Any CPU
		{824CC2BC-34AB-46FC-84C9-D4392C25C6FB}.Release|Any CPU.ActiveCfg = Release|Any CPU
		{824CC2BC-34AB-46FC-84C9-D4392C25C6FB}.Release|Any CPU.Build.0 = Release|Any CPU
		{824CC2BC-34AB-46FC-84C9-D4392C25C6FB}.Release|x64.ActiveCfg = Release|Any CPU
		{824CC2BC-34AB-46FC-84C9-D4392C25C6FB}.Release|x64.Build.0 = Release|Any CPU
		{824CC2BC-34AB-46FC-84C9-D4392C25C6FB}.Release|x86.ActiveCfg = Release|Any CPU
		{824CC2BC-34AB-46FC-84C9-D4392C25C6FB}.Release|x86.Build.0 = Release|Any CPU
	EndGlobalSection
	GlobalSection(SolutionProperties) = preSolution
		HideSolutionNode = FALSE
	EndGlobalSection
	GlobalSection(NestedProjects) = preSolution
		{C5A16F87-EDBD-4040-A102-B6D786602A41} = {827E0CD3-B72D-47B6-A68D-7590B98EB39B}
		{F311BDF1-64C3-459A-AEF1-57D17230A024} = {827E0CD3-B72D-47B6-A68D-7590B98EB39B}
		{C4E6D8EC-81EA-4AE1-8EFC-222E51F5AFAF} = {827E0CD3-B72D-47B6-A68D-7590B98EB39B}
		{3151478A-7A3F-432F-A7ED-59088A6B7AEB} = {07C2787E-EAC7-C090-1BA3-A61EC2A24D84}
		{996D8FE9-76D4-4B6B-8DB3-E1E9CCF0C3F3} = {0AB3BF05-4346-4AA6-1389-037BE0695223}
		{824CC2BC-34AB-46FC-84C9-D4392C25C6FB} = {827E0CD3-B72D-47B6-A68D-7590B98EB39B}
	EndGlobalSection
EndGlobal
